{
  "name": "@ruinguard/essentials",
  "version": "0.1.2",
  "lockfileVersion": 2,
  "requires": true,
  "packages": {
    "": {
      "name": "@ruinguard/essentials",
      "version": "0.1.2",
      "dependencies": {
        "@ruinguard/core": "^0.1.1",
        "file-ez": "^0.2.2"
      },
      "devDependencies": {
        "@ruinguard/core": "file:../ruinguard-core"
      }
    },
    "../core": {
      "name": "@ruinguard/core",
      "version": "v0.1.0",
      "extraneous": true,
      "dependencies": {
        "discord.js": "^13.3.1",
        "file-ez": "^0.2.2",
        "keyv": "^4.0.4",
        "node-fetch": "^3.1.0",
        "xregexp": "^5.1.0"
      }
    },
    "../ruinguard-core": {
      "version": "0.1.1",
      "dev": true,
      "dependencies": {
        "discord.js": "^13.3.1",
        "file-ez": "^0.2.2",
        "keyv": "^4.0.4",
        "node-fetch": "^3.1.0",
        "xregexp": "^5.1.0"
      },
      "devDependencies": {
        "eslint": "^8.3.0"
      }
    },
    "@ruinguard/core": {
      "extraneous": true
    },
    "node_modules/@ruinguard/core": {
      "resolved": "../ruinguard-core",
      "link": true
    },
    "node_modules/file-ez": {
      "version": "0.2.2",
      "resolved": "https://registry.npmjs.org/file-ez/-/file-ez-0.2.2.tgz",
      "integrity": "sha512-ZHgbziLre0xHKuCpO6n3i5ZcwZjaQwmZkPY5iPOtmtTKQAPcTmgME7U/IDouA3/XYxvssgdTRap04Czw/cDgcw==",
      "dependencies": {
        "stack-trace": "^1.0.0-pre1"
      }
    },
    "node_modules/stack-trace": {
      "version": "1.0.0-pre1",
      "resolved": "https://registry.npmjs.org/stack-trace/-/stack-trace-1.0.0-pre1.tgz",
      "integrity": "sha512-biM7OwS3J2hcou7tfozHcsqhJZxX5pqMMqe/Zr6stw9uVn8Gh7ct3eFR9Gb66BBi/ToSeOgk4FsjKgZVrDIyew==",
      "engines": {
        "node": "16"
      }
    }
  },
  "dependencies": {
    "@ruinguard/core": {
      "version": "file:../ruinguard-core",
      "requires": {
        "discord.js": "^13.3.1",
        "eslint": "^8.3.0",
        "file-ez": "^0.2.2",
        "keyv": "^4.0.4",
        "node-fetch": "^3.1.0",
        "xregexp": "^5.1.0"
      }
    },
    "file-ez": {
      "version": "0.2.2",
      "resolved": "https://registry.npmjs.org/file-ez/-/file-ez-0.2.2.tgz",
      "integrity": "sha512-ZHgbziLre0xHKuCpO6n3i5ZcwZjaQwmZkPY5iPOtmtTKQAPcTmgME7U/IDouA3/XYxvssgdTRap04Czw/cDgcw==",
      "requires": {
        "stack-trace": "^1.0.0-pre1"
      }
    },
    "stack-trace": {
      "version": "1.0.0-pre1",
      "resolved": "https://registry.npmjs.org/stack-trace/-/stack-trace-1.0.0-pre1.tgz",
      "integrity": "sha512-biM7OwS3J2hcou7tfozHcsqhJZxX5pqMMqe/Zr6stw9uVn8Gh7ct3eFR9Gb66BBi/ToSeOgk4FsjKgZVrDIyew=="
    }
  }
}
